
Microsoft Visual Studio Solution File, Format Version 12.00
# Visual Studio Version 16
VisualStudioVersion = 16.0.31205.134
MinimumVisualStudioVersion = 10.0.40219.1
Project("{FAE04EC0-301F-11D3-BF4B-00C04F79EFBC}") = "GraphicsDeviceInterface", "GraphicsDeviceInterface\GraphicsDeviceInterface.csproj", "{6B24FDBE-D544-463C-9AE6-F9F06BAA11DF}"
EndProject
Global
	GlobalSection(SolutionConfigurationPlatforms) = preSolution
		Debug|Any CPU = Debug|Any CPU
		Release|Any CPU = Release|Any CPU
	EndGlobalSection
	GlobalSection(ProjectConfigurationPlatforms) = postSolution
		{6B24FDBE-D544-463C-9AE6-F9F06BAA11DF}.Debug|Any CPU.ActiveCfg = Debug|Any CPU
		{6B24FDBE-D544-463C-9AE6-F9F06BAA11DF}.Debug|Any CPU.Build.0 = Debug|Any CPU
		{6B24FDBE-D544-463C-9AE6-F9F06BAA11DF}.Release|Any CPU.ActiveCfg = Release|Any CPU
		{6B24FDBE-D544-463C-9AE6-F9F06BAA11DF}.Release|Any CPU.Build.0 = Release|Any CPU
	EndGlobalSection
	GlobalSection(SolutionProperties) = preSolution
		HideSolutionNode = FALSE
	EndGlobalSection
	GlobalSection(ExtensibilityGlobals) = postSolution
		SolutionGuid = {25D2647B-1230-4E59-B905-D1E55B59250D}
	EndGlobalSection
EndGlobal
